
Microsoft Visual Studio Solution File, Format Version 12.00
# Visual Studio Version 16
VisualStudioVersion = 16.0.31729.503
MinimumVisualStudioVersion = 10.0.40219.1
Project("{FAE04EC0-301F-11D3-BF4B-00C04F79EFBC}") = "AlgorithmsLaba2", "AlgorithmsLaba2\AlgorithmsLaba2.csproj", "{DA57A5A3-BF5B-4C0B-AA24-8CFE09A7D70D}"
EndProject
Global
	GlobalSection(SolutionConfigurationPlatforms) = preSolution
		Debug|Any CPU = Debug|Any CPU
		Release|Any CPU = Release|Any CPU
	EndGlobalSection
	GlobalSection(ProjectConfigurationPlatforms) = postSolution
		{DA57A5A3-BF5B-4C0B-AA24-8CFE09A7D70D}.Debug|Any CPU.ActiveCfg = Debug|Any CPU
		{DA57A5A3-BF5B-4C0B-AA24-8CFE09A7D70D}.Debug|Any CPU.Build.0 = Debug|Any CPU
		{DA57A5A3-BF5B-4C0B-AA24-8CFE09A7D70D}.Release|Any CPU.ActiveCfg = Release|Any CPU
		{DA57A5A3-BF5B-4C0B-AA24-8CFE09A7D70D}.Release|Any CPU.Build.0 = Release|Any CPU
	EndGlobalSection
	GlobalSection(SolutionProperties) = preSolution
		HideSolutionNode = FALSE
	EndGlobalSection
	GlobalSection(ExtensibilityGlobals) = postSolution
		SolutionGuid = {89D2C87C-B25C-43B5-9A66-66EF540BBF03}
	EndGlobalSection
EndGlobal
